
Microsoft Visual Studio Solution File, Format Version 12.00
# Visual Studio Version 17
VisualStudioVersion = 17.9.34723.18
MinimumVisualStudioVersion = 10.0.40219.1
Project("{FAE04EC0-301F-11D3-BF4B-00C04F79EFBC}") = "ConsoleApp1", "ConsoleApp1\ConsoleApp1.csproj", "{625565AD-8CC7-41A6-8E8E-D6A8ACD5BA9B}"
EndProject
Global
	GlobalSection(SolutionConfigurationPlatforms) = preSolution
		Debug|Any CPU = Debug|Any CPU
		Release|Any CPU = Release|Any CPU
	EndGlobalSection
	GlobalSection(ProjectConfigurationPlatforms) = postSolution
		{625565AD-8CC7-41A6-8E8E-D6A8ACD5BA9B}.Debug|Any CPU.ActiveCfg = Debug|Any CPU
		{625565AD-8CC7-41A6-8E8E-D6A8ACD5BA9B}.Debug|Any CPU.Build.0 = Debug|Any CPU
		{625565AD-8CC7-41A6-8E8E-D6A8ACD5BA9B}.Release|Any CPU.ActiveCfg = Release|Any CPU
		{625565AD-8CC7-41A6-8E8E-D6A8ACD5BA9B}.Release|Any CPU.Build.0 = Release|Any CPU
	EndGlobalSection
	GlobalSection(SolutionProperties) = preSolution
		HideSolutionNode = FALSE
	EndGlobalSection
	GlobalSection(ExtensibilityGlobals) = postSolution
		SolutionGuid = {79A8DFD2-0A82-470B-BDFE-6AE95FEF3AF6}
	EndGlobalSection
EndGlobal
